
Microsoft Visual Studio Solution File, Format Version 12.00
# Visual Studio Version 16
VisualStudioVersion = 16.0.31410.357
MinimumVisualStudioVersion = 10.0.40219.1
Project("{FAE04EC0-301F-11D3-BF4B-00C04F79EFBC}") = "МояБиблиотека", "МояБиблиотека\МояБиблиотека.csproj", "{3738BECA-1674-481C-AFED-2B71442F9383}"
EndProject
Global
	GlobalSection(SolutionConfigurationPlatforms) = preSolution
		Debug|Any CPU = Debug|Any CPU
		Release|Any CPU = Release|Any CPU
	EndGlobalSection
	GlobalSection(ProjectConfigurationPlatforms) = postSolution
		{3738BECA-1674-481C-AFED-2B71442F9383}.Debug|Any CPU.ActiveCfg = Debug|Any CPU
		{3738BECA-1674-481C-AFED-2B71442F9383}.Debug|Any CPU.Build.0 = Debug|Any CPU
		{3738BECA-1674-481C-AFED-2B71442F9383}.Release|Any CPU.ActiveCfg = Release|Any CPU
		{3738BECA-1674-481C-AFED-2B71442F9383}.Release|Any CPU.Build.0 = Release|Any CPU
	EndGlobalSection
	GlobalSection(SolutionProperties) = preSolution
		HideSolutionNode = FALSE
	EndGlobalSection
	GlobalSection(ExtensibilityGlobals) = postSolution
		SolutionGuid = {5114B335-03B7-4467-AD0E-E30A663E3AC9}
	EndGlobalSection
EndGlobal
